// !$*UTF8*$!
{
	archiveVersion = 1;
	classes = {
	};
	objectVersion = 56;
	objects = {

/* Begin PBXBuildFile section */
		E9B25AE028F6ADB5004225F6 /* PushNotificationsApp.swift in Sources */ = {isa = PBXBuildFile; fileRef = E9B25ADF28F6ADB5004225F6 /* PushNotificationsApp.swift */; };
		E9B25AE228F6ADB5004225F6 /* ContentView.swift in Sources */ = {isa = PBXBuildFile; fileRef = E9B25AE128F6ADB5004225F6 /* ContentView.swift */; };
		E9B25AE428F6ADB6004225F6 /* Assets.xcassets in Resources */ = {isa = PBXBuildFile; fileRef = E9B25AE328F6ADB6004225F6 /* Assets.xcassets */; };
		E9B25AE728F6ADB6004225F6 /* Preview Assets.xcassets in Resources */ = {isa = PBXBuildFile; fileRef = E9B25AE628F6ADB6004225F6 /* Preview Assets.xcassets */; };
		E9B25AF128F6ADB6004225F6 /* PushNotificationsTests.swift in Sources */ = {isa = PBXBuildFile; fileRef = E9B25AF028F6ADB6004225F6 /* PushNotificationsTests.swift */; };
		E9B25AFB28F6ADB6004225F6 /* PushNotificationsUITests.swift in Sources */ = {isa = PBXBuildFile; fileRef = E9B25AFA28F6ADB6004225F6 /* PushNotificationsUITests.swift */; };
		E9B25AFD28F6ADB6004225F6 /* PushNotificationsUITestsLaunchTests.swift in Sources */ = {isa = PBXBuildFile; fileRef = E9B25AFC28F6ADB6004225F6 /* PushNotificationsUITestsLaunchTests.swift */; };
/* End PBXBuildFile section */

/* Begin PBXContainerItemProxy section */
		E9B25AED28F6ADB6004225F6 /* PBXContainerItemProxy */ = {
			isa = PBXContainerItemProxy;
			containerPortal = E9B25AD428F6ADB5004225F6 /* Project object */;
			proxyType = 1;
			remoteGlobalIDString = E9B25ADB28F6ADB5004225F6;
			remoteInfo = PushNotifications;
		};
		E9B25AF728F6ADB6004225F6 /* PBXContainerItemProxy */ = {
			isa = PBXContainerItemProxy;
			containerPortal = E9B25AD428F6ADB5004225F6 /* Project object */;
			proxyType = 1;
			remoteGlobalIDString = E9B25ADB28F6ADB5004225F6;
			remoteInfo = PushNotifications;
		};
/* End PBXContainerItemProxy section */

/* Begin PBXFileReference section */
		E9B25ADC28F6ADB5004225F6 /* PushNotifications.app */ = {isa = PBXFileReference; explicitFileType = wrapper.application; includeInIndex = 0; path = PushNotifications.app; sourceTree = BUILT_PRODUCTS_DIR; };
		E9B25ADF28F6ADB5004225F6 /* PushNotificationsApp.swift */ = {isa = PBXFileReference; lastKnownFileType = sourcecode.swift; path = PushNotificationsApp.swift; sourceTree = "<group>"; };
		E9B25AE128F6ADB5004225F6 /* ContentView.swift */ = {isa = PBXFileReference; lastKnownFileType = sourcecode.swift; path = ContentView.swift; sourceTree = "<group>"; };
		E9B25AE328F6ADB6004225F6 /* Assets.xcassets */ = {isa = PBXFileReference; lastKnownFileType = folder.assetcatalog; path = Assets.xcassets; sourceTree = "<group>"; };
		E9B25AE628F6ADB6004225F6 /* Preview Assets.xcassets */ = {isa = PBXFileReference; lastKnownFileType = folder.assetcatalog; path = "Preview Assets.xcassets"; sourceTree = "<group>"; };
		E9B25AEC28F6ADB6004225F6 /* PushNotificationsTests.xctest */ = {isa = PBXFileReference; explicitFileType = wrapper.cfbundle; includeInIndex = 0; path = PushNotificationsTests.xctest; sourceTree = BUILT_PRODUCTS_DIR; };
		E9B25AF028F6ADB6004225F6 /* PushNotificationsTests.swift */ = {isa = PBXFileReference; lastKnownFileType = sourcecode.swift; path = PushNotificationsTests.swift; sourceTree = "<group>"; };
		E9B25AF628F6ADB6004225F6 /* PushNotificationsUITests.xctest */ = {isa = PBXFileReference; explicitFileType = wrapper.cfbundle; includeInIndex = 0; path = PushNotificationsUITests.xctest; sourceTree = BUILT_PRODUCTS_DIR; };
		E9B25AFA28F6ADB6004225F6 /* PushNotificationsUITests.swift */ = {isa = PBXFileReference; lastKnownFileType = sourcecode.swift; path = PushNotificationsUITests.swift; sourceTree = "<group>"; };
		E9B25AFC28F6ADB6004225F6 /* PushNotificationsUITestsLaunchTests.swift */ = {isa = PBXFileReference; lastKnownFileType = sourcecode.swift; path = PushNotificationsUITestsLaunchTests.swift; sourceTree = "<group>"; };
/* End PBXFileReference section */

/* Begin PBXFrameworksBuildPhase section */
		E9B25AD928F6ADB5004225F6 /* Frameworks */ = {
			isa = PBXFrameworksBuildPhase;
			buildActionMask = 2147483647;
			files = (
			);
			runOnlyForDeploymentPostprocessing = 0;
		};
		E9B25AE928F6ADB6004225F6 /* Frameworks */ = {
			isa = PBXFrameworksBuildPhase;
			buildActionMask = 2147483647;
			files = (
			);
			runOnlyForDeploymentPostprocessing = 0;
		};
		E9B25AF328F6ADB6004225F6 /* Frameworks */ = {
			isa = PBXFrameworksBuildPhase;
			buildActionMask = 2147483647;
			files = (
			);
			runOnlyForDeploymentPostprocessing = 0;
		};
/* End PBXFrameworksBuildPhase section */

/* Begin PBXGroup section */
		E9B25AD328F6ADB5004225F6 = {
			isa = PBXGroup;
			children = (
				E9B25ADE28F6ADB5004225F6 /* PushNotifications */,
				E9B25AEF28F6ADB6004225F6 /* PushNotificationsTests */,
				E9B25AF928F6ADB6004225F6 /* PushNotificationsUITests */,
				E9B25ADD28F6ADB5004225F6 /* Products */,
			);
			sourceTree = "<group>";
		};
		E9B25ADD28F6ADB5004225F6 /* Products */ = {
			isa = PBXGroup;
			children = (
				E9B25ADC28F6ADB5004225F6 /* PushNotifications.app */,
				E9B25AEC28F6ADB6004225F6 /* PushNotificationsTests.xctest */,
				E9B25AF628F6ADB6004225F6 /* PushNotificationsUITests.xctest */,
			);
			name = Products;
			sourceTree = "<group>";
		};
		E9B25ADE28F6ADB5004225F6 /* PushNotifications */ = {
			isa = PBXGroup;
			children = (
				E9B25ADF28F6ADB5004225F6 /* PushNotificationsApp.swift */,
				E9B25AE128F6ADB5004225F6 /* ContentView.swift */,
				E9B25AE328F6ADB6004225F6 /* Assets.xcassets */,
				E9B25AE528F6ADB6004225F6 /* Preview Content */,
			);
			path = PushNotifications;
			sourceTree = "<group>";
		};
		E9B25AE528F6ADB6004225F6 /* Preview Content */ = {
			isa = PBXGroup;
			children = (
				E9B25AE628F6ADB6004225F6 /* Preview Assets.xcassets */,
			);
			path = "Preview Content";
			sourceTree = "<group>";
		};
		E9B25AEF28F6ADB6004225F6 /* PushNotificationsTests */ = {
			isa = PBXGroup;
			children = (
				E9B25AF028F6ADB6004225F6 /* PushNotificationsTests.swift */,
			);
			path = PushNotificationsTests;
			sourceTree = "<group>";
		};
		E9B25AF928F6ADB6004225F6 /* PushNotificationsUITests */ = {
			isa = PBXGroup;
			children = (
				E9B25AFA28F6ADB6004225F6 /* PushNotificationsUITests.swift */,
				E9B25AFC28F6ADB6004225F6 /* PushNotificationsUITestsLaunchTests.swift */,
			);
			path = PushNotificationsUITests;
			sourceTree = "<group>";
		};
/* End PBXGroup section */

/* Begin PBXNativeTarget section */
		E9B25ADB28F6ADB5004225F6 /* PushNotifications */ = {
			isa = PBXNativeTarget;
			buildConfigurationList = E9B25B0028F6ADB6004225F6 /* Build configuration list for PBXNativeTarget "PushNotifications" */;
			buildPhases = (
				E9B25AD828F6ADB5004225F6 /* Sources */,
				E9B25AD928F6ADB5004225F6 /* Frameworks */,
				E9B25ADA28F6ADB5004225F6 /* Resources */,
			);
			buildRules = (
			);
			dependencies = (
			);
			name = PushNotifications;
			productName = PushNotifications;
			productReference = E9B25ADC28F6ADB5004225F6 /* PushNotifications.app */;
			productType = "com.apple.product-type.application";
		};
		E9B25AEB28F6ADB6004225F6 /* PushNotificationsTests */ = {
			isa = PBXNativeTarget;
			buildConfigurationList = E9B25B0328F6ADB6004225F6 /* Build configuration list for PBXNativeTarget "PushNotificationsTests" */;
			buildPhases = (
				E9B25AE828F6ADB6004225F6 /* Sources */,
				E9B25AE928F6ADB6004225F6 /* Frameworks */,
				E9B25AEA28F6ADB6004225F6 /* Resources */,
			);
			buildRules = (
			);
			dependencies = (
				E9B25AEE28F6ADB6004225F6 /* PBXTargetDependency */,
			);
			name = PushNotificationsTests;
			productName = PushNotificationsTests;
			productReference = E9B25AEC28F6ADB6004225F6 /* PushNotificationsTests.xctest */;
			productType = "com.apple.product-type.bundle.unit-test";
		};
		E9B25AF528F6ADB6004225F6 /* PushNotificationsUITests */ = {
			isa = PBXNativeTarget;
			buildConfigurationList = E9B25B0628F6ADB6004225F6 /* Build configuration list for PBXNativeTarget "PushNotificationsUITests" */;
			buildPhases = (
				E9B25AF228F6ADB6004225F6 /* Sources */,
				E9B25AF328F6ADB6004225F6 /* Frameworks */,
				E9B25AF428F6ADB6004225F6 /* Resources */,
			);
			buildRules = (
			);
			dependencies = (
				E9B25AF828F6ADB6004225F6 /* PBXTargetDependency */,
			);
			name = PushNotificationsUITests;
			productName = PushNotificationsUITests;
			productReference = E9B25AF628F6ADB6004225F6 /* PushNotificationsUITests.xctest */;
			productType = "com.apple.product-type.bundle.ui-testing";
		};
/* End PBXNativeTarget section */

/* Begin PBXProject section */
		E9B25AD428F6ADB5004225F6 /* Project object */ = {
			isa = PBXProject;
			attributes = {
				BuildIndependentTargetsInParallel = 1;
				LastSwiftUpdateCheck = 1400;
				LastUpgradeCheck = 1400;
				TargetAttributes = {
					E9B25ADB28F6ADB5004225F6 = {
						CreatedOnToolsVersion = 14.0.1;
					};
					E9B25AEB28F6ADB6004225F6 = {
						CreatedOnToolsVersion = 14.0.1;
						TestTargetID = E9B25ADB28F6ADB5004225F6;
					};
					E9B25AF528F6ADB6004225F6 = {
						CreatedOnToolsVersion = 14.0.1;
						TestTargetID = E9B25ADB28F6ADB5004225F6;
					};
				};
			};
			buildConfigurationList = E9B25AD728F6ADB5004225F6 /* Build configuration list for PBXProject "PushNotifications" */;
			compatibilityVersion = "Xcode 14.0";
			developmentRegion = en;
			hasScannedForEncodings = 0;
			knownRegions = (
				en,
				Base,
			);
			mainGroup = E9B25AD328F6ADB5004225F6;
			productRefGroup = E9B25ADD28F6ADB5004225F6 /* Products */;
			projectDirPath = "";
			projectRoot = "";
			targets = (
				E9B25ADB28F6ADB5004225F6 /* PushNotifications */,
				E9B25AEB28F6ADB6004225F6 /* PushNotificationsTests */,
				E9B25AF528F6ADB6004225F6 /* PushNotificationsUITests */,
			);
		};
/* End PBXProject section */

/* Begin PBXResourcesBuildPhase section */
		E9B25ADA28F6ADB5004225F6 /* Resources */ = {
			isa = PBXResourcesBuildPhase;
			buildActionMask = 2147483647;
			files = (
				E9B25AE728F6ADB6004225F6 /* Preview Assets.xcassets in Resources */,
				E9B25AE428F6ADB6004225F6 /* Assets.xcassets in Resources */,
			);
			runOnlyForDeploymentPostprocessing = 0;
		};
		E9B25AEA28F6ADB6004225F6 /* Resources */ = {
			isa = PBXResourcesBuildPhase;
			buildActionMask = 2147483647;
			files = (
			);
			runOnlyForDeploymentPostprocessing = 0;
		};
		E9B25AF428F6ADB6004225F6 /* Resources */ = {
			isa = PBXResourcesBuildPhase;
			buildActionMask = 2147483647;
			files = (
			);
			runOnlyForDeploymentPostprocessing = 0;
		};
/* End PBXResourcesBuildPhase section */

/* Begin PBXSourcesBuildPhase section */
		E9B25AD828F6ADB5004225F6 /* Sources */ = {
			isa = PBXSourcesBuildPhase;
			buildActionMask = 2147483647;
			files = (
				E9B25AE228F6ADB5004225F6 /* ContentView.swift in Sources */,
				E9B25AE028F6ADB5004225F6 /* PushNotificationsApp.swift in Sources */,
			);
			runOnlyForDeploymentPostprocessing = 0;
		};
		E9B25AE828F6ADB6004225F6 /* Sources */ = {
			isa = PBXSourcesBuildPhase;
			buildActionMask = 2147483647;
			files = (
				E9B25AF128F6ADB6004225F6 /* PushNotificationsTests.swift in Sources */,
			);
			runOnlyForDeploymentPostprocessing = 0;
		};
		E9B25AF228F6ADB6004225F6 /* Sources */ = {
			isa = PBXSourcesBuildPhase;
			buildActionMask = 2147483647;
			files = (
				E9B25AFB28F6ADB6004225F6 /* PushNotificationsUITests.swift in Sources */,
				E9B25AFD28F6ADB6004225F6 /* PushNotificationsUITestsLaunchTests.swift in Sources */,
			);
			runOnlyForDeploymentPostprocessing = 0;
		};
/* End PBXSourcesBuildPhase section */

/* Begin PBXTargetDependency section */
		E9B25AEE28F6ADB6004225F6 /* PBXTargetDependency */ = {
			isa = PBXTargetDependency;
			target = E9B25ADB28F6ADB5004225F6 /* PushNotifications */;
			targetProxy = E9B25AED28F6ADB6004225F6 /* PBXContainerItemProxy */;
		};
		E9B25AF828F6ADB6004225F6 /* PBXTargetDependency */ = {
			isa = PBXTargetDependency;
			target = E9B25ADB28F6ADB5004225F6 /* PushNotifications */;
			targetProxy = E9B25AF728F6ADB6004225F6 /* PBXContainerItemProxy */;
		};
/* End PBXTargetDependency section */

/* Begin XCBuildConfiguration section */
		E9B25AFE28F6ADB6004225F6 /* Debug */ = {
			isa = XCBuildConfiguration;
			buildSettings = {
				ALWAYS_SEARCH_USER_PATHS = NO;
				CLANG_ANALYZER_NONNULL = YES;
				CLANG_ANALYZER_NUMBER_OBJECT_CONVERSION = YES_AGGRESSIVE;
				CLANG_CXX_LANGUAGE_STANDARD = "gnu++20";
				CLANG_ENABLE_MODULES = YES;
				CLANG_ENABLE_OBJC_ARC = YES;
				CLANG_ENABLE_OBJC_WEAK = YES;
				CLANG_WARN_BLOCK_CAPTURE_AUTORELEASING = YES;
				CLANG_WARN_BOOL_CONVERSION = YES;
				CLANG_WARN_COMMA = YES;
				CLANG_WARN_CONSTANT_CONVERSION = YES;
				CLANG_WARN_DEPRECATED_OBJC_IMPLEMENTATIONS = YES;
				CLANG_WARN_DIRECT_OBJC_ISA_USAGE = YES_ERROR;
				CLANG_WARN_DOCUMENTATION_COMMENTS = YES;
				CLANG_WARN_EMPTY_BODY = YES;
				CLANG_WARN_ENUM_CONVERSION = YES;
				CLANG_WARN_INFINITE_RECURSION = YES;
				CLANG_WARN_INT_CONVERSION = YES;
				CLANG_WARN_NON_LITERAL_NULL_CONVERSION = YES;
				CLANG_WARN_OBJC_IMPLICIT_RETAIN_SELF = YES;
				CLANG_WARN_OBJC_LITERAL_CONVERSION = YES;
				CLANG_WARN_OBJC_ROOT_CLASS = YES_ERROR;
				CLANG_WARN_QUOTED_INCLUDE_IN_FRAMEWORK_HEADER = YES;
				CLANG_WARN_RANGE_LOOP_ANALYSIS = YES;
				CLANG_WARN_STRICT_PROTOTYPES = YES;
				CLANG_WARN_SUSPICIOUS_MOVE = YES;
				CLANG_WARN_UNGUARDED_AVAILABILITY = YES_AGGRESSIVE;
				CLANG_WARN_UNREACHABLE_CODE = YES;
				CLANG_WARN__DUPLICATE_METHOD_MATCH = YES;
				COPY_PHASE_STRIP = NO;
				DEBUG_INFORMATION_FORMAT = dwarf;
				ENABLE_STRICT_OBJC_MSGSEND = YES;
				ENABLE_TESTABILITY = YES;
				GCC_C_LANGUAGE_STANDARD = gnu11;
				GCC_DYNAMIC_NO_PIC = NO;
				GCC_NO_COMMON_BLOCKS = YES;
				GCC_OPTIMIZATION_LEVEL = 0;
				GCC_PREPROCESSOR_DEFINITIONS = (
					"DEBUG=1",
					"$(inherited)",
				);
				GCC_WARN_64_TO_32_BIT_CONVERSION = YES;
				GCC_WARN_ABOUT_RETURN_TYPE = YES_ERROR;
				GCC_WARN_UNDECLARED_SELECTOR = YES;
				GCC_WARN_UNINITIALIZED_AUTOS = YES_AGGRESSIVE;
				GCC_WARN_UNUSED_FUNCTION = YES;
				GCC_WARN_UNUSED_VARIABLE = YES;
				IPHONEOS_DEPLOYMENT_TARGET = 16.0;
				MTL_ENABLE_DEBUG_INFO = INCLUDE_SOURCE;
				MTL_FAST_MATH = YES;
				ONLY_ACTIVE_ARCH = YES;
				SDKROOT = iphoneos;
				SWIFT_ACTIVE_COMPILATION_CONDITIONS = DEBUG;
				SWIFT_OPTIMIZATION_LEVEL = "-Onone";
			};
			name = Debug;
		};
		E9B25AFF28F6ADB6004225F6 /* Release */ = {
			isa = XCBuildConfiguration;
			buildSettings = {
				ALWAYS_SEARCH_USER_PATHS = NO;
				CLANG_ANALYZER_NONNULL = YES;
				CLANG_ANALYZER_NUMBER_OBJECT_CONVERSION = YES_AGGRESSIVE;
				CLANG_CXX_LANGUAGE_STANDARD = "gnu++20";
				CLANG_ENABLE_MODULES = YES;
				CLANG_ENABLE_OBJC_ARC = YES;
				CLANG_ENABLE_OBJC_WEAK = YES;
				CLANG_WARN_BLOCK_CAPTURE_AUTORELEASING = YES;
				CLANG_WARN_BOOL_CONVERSION = YES;
				CLANG_WARN_COMMA = YES;
				CLANG_WARN_CONSTANT_CONVERSION = YES;
				CLANG_WARN_DEPRECATED_OBJC_IMPLEMENTATIONS = YES;
				CLANG_WARN_DIRECT_OBJC_ISA_USAGE = YES_ERROR;
				CLANG_WARN_DOCUMENTATION_COMMENTS = YES;
				CLANG_WARN_EMPTY_BODY = YES;
				CLANG_WARN_ENUM_CONVERSION = YES;
				CLANG_WARN_INFINITE_RECURSION = YES;
				CLANG_WARN_INT_CONVERSION = YES;
				CLANG_WARN_NON_LITERAL_NULL_CONVERSION = YES;
				CLANG_WARN_OBJC_IMPLICIT_RETAIN_SELF = YES;
				CLANG_WARN_OBJC_LITERAL_CONVERSION = YES;
				CLANG_WARN_OBJC_ROOT_CLASS = YES_ERROR;
				CLANG_WARN_QUOTED_INCLUDE_IN_FRAMEWORK_HEADER = YES;
				CLANG_WARN_RANGE_LOOP_ANALYSIS = YES;
				CLANG_WARN_STRICT_PROTOTYPES = YES;
				CLANG_WARN_SUSPICIOUS_MOVE = YES;
				CLANG_WARN_UNGUARDED_AVAILABILITY = YES_AGGRESSIVE;
				CLANG_WARN_UNREACHABLE_CODE = YES;
				CLANG_WARN__DUPLICATE_METHOD_MATCH = YES;
				COPY_PHASE_STRIP = NO;
				DEBUG_INFORMATION_FORMAT = "dwarf-with-dsym";
				ENABLE_NS_ASSERTIONS = NO;
				ENABLE_STRICT_OBJC_MSGSEND = YES;
				GCC_C_LANGUAGE_STANDARD = gnu11;
				GCC_NO_COMMON_BLOCKS = YES;
				GCC_WARN_64_TO_32_BIT_CONVERSION = YES;
				GCC_WARN_ABOUT_RETURN_TYPE = YES_ERROR;
				GCC_WARN_UNDECLARED_SELECTOR = YES;
				GCC_WARN_UNINITIALIZED_AUTOS = YES_AGGRESSIVE;
				GCC_WARN_UNUSED_FUNCTION = YES;
				GCC_WARN_UNUSED_VARIABLE = YES;
				IPHONEOS_DEPLOYMENT_TARGET = 16.0;
				MTL_ENABLE_DEBUG_INFO = NO;
				MTL_FAST_MATH = YES;
				SDKROOT = iphoneos;
				SWIFT_COMPILATION_MODE = wholemodule;
				SWIFT_OPTIMIZATION_LEVEL = "-O";
				VALIDATE_PRODUCT = YES;
			};
			name = Release;
		};
		E9B25B0128F6ADB6004225F6 /* Debug */ = {
			isa = XCBuildConfiguration;
			buildSettings = {
				ASSETCATALOG_COMPILER_APPICON_NAME = AppIcon;
				ASSETCATALOG_COMPILER_GLOBAL_ACCENT_COLOR_NAME = AccentColor;
				CODE_SIGN_STYLE = Automatic;
				CURRENT_PROJECT_VERSION = 1;
				DEVELOPMENT_ASSET_PATHS = "\"PushNotifications/Preview Content\"";
				DEVELOPMENT_TEAM = H545Z6D73Z;
				ENABLE_PREVIEWS = YES;
				GENERATE_INFOPLIST_FILE = YES;
				INFOPLIST_KEY_UIApplicationSceneManifest_Generation = YES;
				INFOPLIST_KEY_UIApplicationSupportsIndirectInputEvents = YES;
				INFOPLIST_KEY_UILaunchScreen_Generation = YES;
				INFOPLIST_KEY_UISupportedInterfaceOrientations_iPad = "UIInterfaceOrientationPortrait UIInterfaceOrientationPortraitUpsideDown UIInterfaceOrientationLandscapeLeft UIInterfaceOrientationLandscapeRight";
				INFOPLIST_KEY_UISupportedInterfaceOrientations_iPhone = "UIInterfaceOrientationPortrait UIInterfaceOrientationLandscapeLeft UIInterfaceOrientationLandscapeRight";
				LD_RUNPATH_SEARCH_PATHS = (
					"$(inherited)",
					"@executable_path/Frameworks",
				);
				MARKETING_VERSION = 1.0;
				PRODUCT_BUNDLE_IDENTIFIER = workshop1.PushNotifications;
				PRODUCT_NAME = "$(TARGET_NAME)";
				SWIFT_EMIT_LOC_STRINGS = YES;
				SWIFT_VERSION = 5.0;
				TARGETED_DEVICE_FAMILY = "1,2";
			};
			name = Debug;
		};
		E9B25B0228F6ADB6004225F6 /* Release */ = {
			isa = XCBuildConfiguration;
			buildSettings = {
				ASSETCATALOG_COMPILER_APPICON_NAME = AppIcon;
				ASSETCATALOG_COMPILER_GLOBAL_ACCENT_COLOR_NAME = AccentColor;
				CODE_SIGN_STYLE = Automatic;
				CURRENT_PROJECT_VERSION = 1;
				DEVELOPMENT_ASSET_PATHS = "\"PushNotifications/Preview Content\"";
				DEVELOPMENT_TEAM = H545Z6D73Z;
				ENABLE_PREVIEWS = YES;
				GENERATE_INFOPLIST_FILE = YES;
				INFOPLIST_KEY_UIApplicationSceneManifest_Generation = YES;
				INFOPLIST_KEY_UIApplicationSupportsIndirectInputEvents = YES;
				INFOPLIST_KEY_UILaunchScreen_Generation = YES;
				INFOPLIST_KEY_UISupportedInterfaceOrientations_iPad = "UIInterfaceOrientationPortrait UIInterfaceOrientationPortraitUpsideDown UIInterfaceOrientationLandscapeLeft UIInterfaceOrientationLandscapeRight";
				INFOPLIST_KEY_UISupportedInterfaceOrientations_iPhone = "UIInterfaceOrientationPortrait UIInterfaceOrientationLandscapeLeft UIInterfaceOrientationLandscapeRight";
				LD_RUNPATH_SEARCH_PATHS = (
					"$(inherited)",
					"@executable_path/Frameworks",
				);
				MARKETING_VERSION = 1.0;
				PRODUCT_BUNDLE_IDENTIFIER = workshop1.PushNotifications;
				PRODUCT_NAME = "$(TARGET_NAME)";
				SWIFT_EMIT_LOC_STRINGS = YES;
				SWIFT_VERSION = 5.0;
				TARGETED_DEVICE_FAMILY = "1,2";
			};
			name = Release;
		};
		E9B25B0428F6ADB6004225F6 /* Debug */ = {
			isa = XCBuildConfiguration;
			buildSettings = {
				ALWAYS_EMBED_SWIFT_STANDARD_LIBRARIES = YES;
				BUNDLE_LOADER = "$(TEST_HOST)";
				CODE_SIGN_STYLE = Automatic;
				CURRENT_PROJECT_VERSION = 1;
				DEVELOPMENT_TEAM = H545Z6D73Z;
				GENERATE_INFOPLIST_FILE = YES;
				IPHONEOS_DEPLOYMENT_TARGET = 16.0;
				MARKETING_VERSION = 1.0;
				PRODUCT_BUNDLE_IDENTIFIER = workshop1.PushNotificationsTests;
				PRODUCT_NAME = "$(TARGET_NAME)";
				SWIFT_EMIT_LOC_STRINGS = NO;
				SWIFT_VERSION = 5.0;
				TARGETED_DEVICE_FAMILY = "1,2";
				TEST_HOST = "$(BUILT_PRODUCTS_DIR)/PushNotifications.app/$(BUNDLE_EXECUTABLE_FOLDER_PATH)/PushNotifications";
			};
			name = Debug;
		};
		E9B25B0528F6ADB6004225F6 /* Release */ = {
			isa = XCBuildConfiguration;
			buildSettings = {
				ALWAYS_EMBED_SWIFT_STANDARD_LIBRARIES = YES;
				BUNDLE_LOADER = "$(TEST_HOST)";
				CODE_SIGN_STYLE = Automatic;
				CURRENT_PROJECT_VERSION = 1;
				DEVELOPMENT_TEAM = H545Z6D73Z;
				GENERATE_INFOPLIST_FILE = YES;
				IPHONEOS_DEPLOYMENT_TARGET = 16.0;
				MARKETING_VERSION = 1.0;
				PRODUCT_BUNDLE_IDENTIFIER = workshop1.PushNotificationsTests;
				PRODUCT_NAME = "$(TARGET_NAME)";
				SWIFT_EMIT_LOC_STRINGS = NO;
				SWIFT_VERSION = 5.0;
				TARGETED_DEVICE_FAMILY = "1,2";
				TEST_HOST = "$(BUILT_PRODUCTS_DIR)/PushNotifications.app/$(BUNDLE_EXECUTABLE_FOLDER_PATH)/PushNotifications";
			};
			name = Release;
		};
		E9B25B0728F6ADB6004225F6 /* Debug */ = {
			isa = XCBuildConfiguration;
			buildSettings = {
				ALWAYS_EMBED_SWIFT_STANDARD_LIBRARIES = YES;
				CODE_SIGN_STYLE = Automatic;
				CURRENT_PROJECT_VERSION = 1;
				DEVELOPMENT_TEAM = H545Z6D73Z;
				GENERATE_INFOPLIST_FILE = YES;
				MARKETING_VERSION = 1.0;
				PRODUCT_BUNDLE_IDENTIFIER = workshop1.PushNotificationsUITests;
				PRODUCT_NAME = "$(TARGET_NAME)";
				SWIFT_EMIT_LOC_STRINGS = NO;
				SWIFT_VERSION = 5.0;
				TARGETED_DEVICE_FAMILY = "1,2";
				TEST_TARGET_NAME = PushNotifications;
			};
			name = Debug;
		};
		E9B25B0828F6ADB6004225F6 /* Release */ = {
			isa = XCBuildConfiguration;
			buildSettings = {
				ALWAYS_EMBED_SWIFT_STANDARD_LIBRARIES = YES;
				CODE_SIGN_STYLE = Automatic;
				CURRENT_PROJECT_VERSION = 1;
				DEVELOPMENT_TEAM = H545Z6D73Z;
				GENERATE_INFOPLIST_FILE = YES;
				MARKETING_VERSION = 1.0;
				PRODUCT_BUNDLE_IDENTIFIER = workshop1.PushNotificationsUITests;
				PRODUCT_NAME = "$(TARGET_NAME)";
				SWIFT_EMIT_LOC_STRINGS = NO;
				SWIFT_VERSION = 5.0;
				TARGETED_DEVICE_FAMILY = "1,2";
				TEST_TARGET_NAME = PushNotifications;
			};
			name = Release;
		};
/* End XCBuildConfiguration section */

/* Begin XCConfigurationList section */
		E9B25AD728F6ADB5004225F6 /* Build configuration list for PBXProject "PushNotifications" */ = {
			isa = XCConfigurationList;
			buildConfigurations = (
				E9B25AFE28F6ADB6004225F6 /* Debug */,
				E9B25AFF28F6ADB6004225F6 /* Release */,
			);
			defaultConfigurationIsVisible = 0;
			defaultConfigurationName = Release;
		};
		E9B25B0028F6ADB6004225F6 /* Build configuration list for PBXNativeTarget "PushNotifications" */ = {
			isa = XCConfigurationList;
			buildConfigurations = (
				E9B25B0128F6ADB6004225F6 /* Debug */,
				E9B25B0228F6ADB6004225F6 /* Release */,
			);
			defaultConfigurationIsVisible = 0;
			defaultConfigurationName = Release;
		};
		E9B25B0328F6ADB6004225F6 /* Build configuration list for PBXNativeTarget "PushNotificationsTests" */ = {
			isa = XCConfigurationList;
			buildConfigurations = (
				E9B25B0428F6ADB6004225F6 /* Debug */,
				E9B25B0528F6ADB6004225F6 /* Release */,
			);
			defaultConfigurationIsVisible = 0;
			defaultConfigurationName = Release;
		};
		E9B25B0628F6ADB6004225F6 /* Build configuration list for PBXNativeTarget "PushNotificationsUITests" */ = {
			isa = XCConfigurationList;
			buildConfigurations = (
				E9B25B0728F6ADB6004225F6 /* Debug */,
				E9B25B0828F6ADB6004225F6 /* Release */,
			);
			defaultConfigurationIsVisible = 0;
			defaultConfigurationName = Release;
		};
/* End XCConfigurationList section */
	};
	rootObject = E9B25AD428F6ADB5004225F6 /* Project object */;
}
