// !$*UTF8*$!
{
	archiveVersion = 1;
	classes = {
	};
	objectVersion = 56;
	objects = {

/* Begin PBXBuildFile section */
		E9691AE928EC1D7A0087810A /* ScrumdingerWorkshop1App.swift in Sources */ = {isa = PBXBuildFile; fileRef = E9691AE828EC1D7A0087810A /* ScrumdingerWorkshop1App.swift */; };
		E9691AEB28EC1D7A0087810A /* MeetingView.swift in Sources */ = {isa = PBXBuildFile; fileRef = E9691AEA28EC1D7A0087810A /* MeetingView.swift */; };
		E9691AED28EC1D7B0087810A /* Assets.xcassets in Resources */ = {isa = PBXBuildFile; fileRef = E9691AEC28EC1D7B0087810A /* Assets.xcassets */; };
		E9691AF028EC1D7B0087810A /* Preview Assets.xcassets in Resources */ = {isa = PBXBuildFile; fileRef = E9691AEF28EC1D7B0087810A /* Preview Assets.xcassets */; };
		E9691AFA28EC1D7B0087810A /* ScrumdingerWorkshop1Tests.swift in Sources */ = {isa = PBXBuildFile; fileRef = E9691AF928EC1D7B0087810A /* ScrumdingerWorkshop1Tests.swift */; };
		E9691B0428EC1D7B0087810A /* ScrumdingerWorkshop1UITests.swift in Sources */ = {isa = PBXBuildFile; fileRef = E9691B0328EC1D7B0087810A /* ScrumdingerWorkshop1UITests.swift */; };
		E9691B0628EC1D7B0087810A /* ScrumdingerWorkshop1UITestsLaunchTests.swift in Sources */ = {isa = PBXBuildFile; fileRef = E9691B0528EC1D7B0087810A /* ScrumdingerWorkshop1UITestsLaunchTests.swift */; };
		E9691B1428EC25740087810A /* Themes.swift in Sources */ = {isa = PBXBuildFile; fileRef = E9691B1328EC25740087810A /* Themes.swift */; };
		E9691B1628EC26520087810A /* DailyScrum.swift in Sources */ = {isa = PBXBuildFile; fileRef = E9691B1528EC26520087810A /* DailyScrum.swift */; };
		E9691B1A28EC26EC0087810A /* CardView.swift in Sources */ = {isa = PBXBuildFile; fileRef = E9691B1928EC26EC0087810A /* CardView.swift */; };
		E9691B1C28EC2B420087810A /* TrailingIconLabelStyle.swift in Sources */ = {isa = PBXBuildFile; fileRef = E9691B1B28EC2B420087810A /* TrailingIconLabelStyle.swift */; };
		E9691B1E28EC2D590087810A /* ScrumView.swift in Sources */ = {isa = PBXBuildFile; fileRef = E9691B1D28EC2D590087810A /* ScrumView.swift */; };
/* End PBXBuildFile section */

/* Begin PBXContainerItemProxy section */
		E9691AF628EC1D7B0087810A /* PBXContainerItemProxy */ = {
			isa = PBXContainerItemProxy;
			containerPortal = E9691ADD28EC1D7A0087810A /* Project object */;
			proxyType = 1;
			remoteGlobalIDString = E9691AE428EC1D7A0087810A;
			remoteInfo = ScrumdingerWorkshop1;
		};
		E9691B0028EC1D7B0087810A /* PBXContainerItemProxy */ = {
			isa = PBXContainerItemProxy;
			containerPortal = E9691ADD28EC1D7A0087810A /* Project object */;
			proxyType = 1;
			remoteGlobalIDString = E9691AE428EC1D7A0087810A;
			remoteInfo = ScrumdingerWorkshop1;
		};
/* End PBXContainerItemProxy section */

/* Begin PBXFileReference section */
		E9691AE528EC1D7A0087810A /* ScrumdingerWorkshop1.app */ = {isa = PBXFileReference; explicitFileType = wrapper.application; includeInIndex = 0; path = ScrumdingerWorkshop1.app; sourceTree = BUILT_PRODUCTS_DIR; };
		E9691AE828EC1D7A0087810A /* ScrumdingerWorkshop1App.swift */ = {isa = PBXFileReference; lastKnownFileType = sourcecode.swift; path = ScrumdingerWorkshop1App.swift; sourceTree = "<group>"; };
		E9691AEA28EC1D7A0087810A /* MeetingView.swift */ = {isa = PBXFileReference; lastKnownFileType = sourcecode.swift; path = MeetingView.swift; sourceTree = "<group>"; };
		E9691AEC28EC1D7B0087810A /* Assets.xcassets */ = {isa = PBXFileReference; lastKnownFileType = folder.assetcatalog; path = Assets.xcassets; sourceTree = "<group>"; };
		E9691AEF28EC1D7B0087810A /* Preview Assets.xcassets */ = {isa = PBXFileReference; lastKnownFileType = folder.assetcatalog; path = "Preview Assets.xcassets"; sourceTree = "<group>"; };
		E9691AF528EC1D7B0087810A /* ScrumdingerWorkshop1Tests.xctest */ = {isa = PBXFileReference; explicitFileType = wrapper.cfbundle; includeInIndex = 0; path = ScrumdingerWorkshop1Tests.xctest; sourceTree = BUILT_PRODUCTS_DIR; };
		E9691AF928EC1D7B0087810A /* ScrumdingerWorkshop1Tests.swift */ = {isa = PBXFileReference; lastKnownFileType = sourcecode.swift; path = ScrumdingerWorkshop1Tests.swift; sourceTree = "<group>"; };
		E9691AFF28EC1D7B0087810A /* ScrumdingerWorkshop1UITests.xctest */ = {isa = PBXFileReference; explicitFileType = wrapper.cfbundle; includeInIndex = 0; path = ScrumdingerWorkshop1UITests.xctest; sourceTree = BUILT_PRODUCTS_DIR; };
		E9691B0328EC1D7B0087810A /* ScrumdingerWorkshop1UITests.swift */ = {isa = PBXFileReference; lastKnownFileType = sourcecode.swift; path = ScrumdingerWorkshop1UITests.swift; sourceTree = "<group>"; };
		E9691B0528EC1D7B0087810A /* ScrumdingerWorkshop1UITestsLaunchTests.swift */ = {isa = PBXFileReference; lastKnownFileType = sourcecode.swift; path = ScrumdingerWorkshop1UITestsLaunchTests.swift; sourceTree = "<group>"; };
		E9691B1328EC25740087810A /* Themes.swift */ = {isa = PBXFileReference; lastKnownFileType = sourcecode.swift; path = Themes.swift; sourceTree = "<group>"; };
		E9691B1528EC26520087810A /* DailyScrum.swift */ = {isa = PBXFileReference; lastKnownFileType = sourcecode.swift; path = DailyScrum.swift; sourceTree = "<group>"; };
		E9691B1928EC26EC0087810A /* CardView.swift */ = {isa = PBXFileReference; lastKnownFileType = sourcecode.swift; path = CardView.swift; sourceTree = "<group>"; };
		E9691B1B28EC2B420087810A /* TrailingIconLabelStyle.swift */ = {isa = PBXFileReference; lastKnownFileType = sourcecode.swift; path = TrailingIconLabelStyle.swift; sourceTree = "<group>"; };
		E9691B1D28EC2D590087810A /* ScrumView.swift */ = {isa = PBXFileReference; lastKnownFileType = sourcecode.swift; path = ScrumView.swift; sourceTree = "<group>"; };
/* End PBXFileReference section */

/* Begin PBXFrameworksBuildPhase section */
		E9691AE228EC1D7A0087810A /* Frameworks */ = {
			isa = PBXFrameworksBuildPhase;
			buildActionMask = 2147483647;
			files = (
			);
			runOnlyForDeploymentPostprocessing = 0;
		};
		E9691AF228EC1D7B0087810A /* Frameworks */ = {
			isa = PBXFrameworksBuildPhase;
			buildActionMask = 2147483647;
			files = (
			);
			runOnlyForDeploymentPostprocessing = 0;
		};
		E9691AFC28EC1D7B0087810A /* Frameworks */ = {
			isa = PBXFrameworksBuildPhase;
			buildActionMask = 2147483647;
			files = (
			);
			runOnlyForDeploymentPostprocessing = 0;
		};
/* End PBXFrameworksBuildPhase section */

/* Begin PBXGroup section */
		E9691ADC28EC1D7A0087810A = {
			isa = PBXGroup;
			children = (
				E9691AE728EC1D7A0087810A /* ScrumdingerWorkshop1 */,
				E9691AF828EC1D7B0087810A /* ScrumdingerWorkshop1Tests */,
				E9691B0228EC1D7B0087810A /* ScrumdingerWorkshop1UITests */,
				E9691AE628EC1D7A0087810A /* Products */,
			);
			sourceTree = "<group>";
		};
		E9691AE628EC1D7A0087810A /* Products */ = {
			isa = PBXGroup;
			children = (
				E9691AE528EC1D7A0087810A /* ScrumdingerWorkshop1.app */,
				E9691AF528EC1D7B0087810A /* ScrumdingerWorkshop1Tests.xctest */,
				E9691AFF28EC1D7B0087810A /* ScrumdingerWorkshop1UITests.xctest */,
			);
			name = Products;
			sourceTree = "<group>";
		};
		E9691AE728EC1D7A0087810A /* ScrumdingerWorkshop1 */ = {
			isa = PBXGroup;
			children = (
				E9691B1228EC254C0087810A /* Models */,
				E9691AE828EC1D7A0087810A /* ScrumdingerWorkshop1App.swift */,
				E9691AEA28EC1D7A0087810A /* MeetingView.swift */,
				E9691AEC28EC1D7B0087810A /* Assets.xcassets */,
				E9691AEE28EC1D7B0087810A /* Preview Content */,
			);
			path = ScrumdingerWorkshop1;
			sourceTree = "<group>";
		};
		E9691AEE28EC1D7B0087810A /* Preview Content */ = {
			isa = PBXGroup;
			children = (
				E9691AEF28EC1D7B0087810A /* Preview Assets.xcassets */,
			);
			path = "Preview Content";
			sourceTree = "<group>";
		};
		E9691AF828EC1D7B0087810A /* ScrumdingerWorkshop1Tests */ = {
			isa = PBXGroup;
			children = (
				E9691AF928EC1D7B0087810A /* ScrumdingerWorkshop1Tests.swift */,
			);
			path = ScrumdingerWorkshop1Tests;
			sourceTree = "<group>";
		};
		E9691B0228EC1D7B0087810A /* ScrumdingerWorkshop1UITests */ = {
			isa = PBXGroup;
			children = (
				E9691B0328EC1D7B0087810A /* ScrumdingerWorkshop1UITests.swift */,
				E9691B0528EC1D7B0087810A /* ScrumdingerWorkshop1UITestsLaunchTests.swift */,
			);
			path = ScrumdingerWorkshop1UITests;
			sourceTree = "<group>";
		};
		E9691B1228EC254C0087810A /* Models */ = {
			isa = PBXGroup;
			children = (
				E9691B1328EC25740087810A /* Themes.swift */,
				E9691B1528EC26520087810A /* DailyScrum.swift */,
				E9691B1928EC26EC0087810A /* CardView.swift */,
				E9691B1B28EC2B420087810A /* TrailingIconLabelStyle.swift */,
				E9691B1D28EC2D590087810A /* ScrumView.swift */,
			);
			path = Models;
			sourceTree = "<group>";
		};
/* End PBXGroup section */

/* Begin PBXNativeTarget section */
		E9691AE428EC1D7A0087810A /* ScrumdingerWorkshop1 */ = {
			isa = PBXNativeTarget;
			buildConfigurationList = E9691B0928EC1D7B0087810A /* Build configuration list for PBXNativeTarget "ScrumdingerWorkshop1" */;
			buildPhases = (
				E9691AE128EC1D7A0087810A /* Sources */,
				E9691AE228EC1D7A0087810A /* Frameworks */,
				E9691AE328EC1D7A0087810A /* Resources */,
			);
			buildRules = (
			);
			dependencies = (
			);
			name = ScrumdingerWorkshop1;
			productName = ScrumdingerWorkshop1;
			productReference = E9691AE528EC1D7A0087810A /* ScrumdingerWorkshop1.app */;
			productType = "com.apple.product-type.application";
		};
		E9691AF428EC1D7B0087810A /* ScrumdingerWorkshop1Tests */ = {
			isa = PBXNativeTarget;
			buildConfigurationList = E9691B0C28EC1D7B0087810A /* Build configuration list for PBXNativeTarget "ScrumdingerWorkshop1Tests" */;
			buildPhases = (
				E9691AF128EC1D7B0087810A /* Sources */,
				E9691AF228EC1D7B0087810A /* Frameworks */,
				E9691AF328EC1D7B0087810A /* Resources */,
			);
			buildRules = (
			);
			dependencies = (
				E9691AF728EC1D7B0087810A /* PBXTargetDependency */,
			);
			name = ScrumdingerWorkshop1Tests;
			productName = ScrumdingerWorkshop1Tests;
			productReference = E9691AF528EC1D7B0087810A /* ScrumdingerWorkshop1Tests.xctest */;
			productType = "com.apple.product-type.bundle.unit-test";
		};
		E9691AFE28EC1D7B0087810A /* ScrumdingerWorkshop1UITests */ = {
			isa = PBXNativeTarget;
			buildConfigurationList = E9691B0F28EC1D7B0087810A /* Build configuration list for PBXNativeTarget "ScrumdingerWorkshop1UITests" */;
			buildPhases = (
				E9691AFB28EC1D7B0087810A /* Sources */,
				E9691AFC28EC1D7B0087810A /* Frameworks */,
				E9691AFD28EC1D7B0087810A /* Resources */,
			);
			buildRules = (
			);
			dependencies = (
				E9691B0128EC1D7B0087810A /* PBXTargetDependency */,
			);
			name = ScrumdingerWorkshop1UITests;
			productName = ScrumdingerWorkshop1UITests;
			productReference = E9691AFF28EC1D7B0087810A /* ScrumdingerWorkshop1UITests.xctest */;
			productType = "com.apple.product-type.bundle.ui-testing";
		};
/* End PBXNativeTarget section */

/* Begin PBXProject section */
		E9691ADD28EC1D7A0087810A /* Project object */ = {
			isa = PBXProject;
			attributes = {
				BuildIndependentTargetsInParallel = 1;
				LastSwiftUpdateCheck = 1400;
				LastUpgradeCheck = 1400;
				TargetAttributes = {
					E9691AE428EC1D7A0087810A = {
						CreatedOnToolsVersion = 14.0.1;
					};
					E9691AF428EC1D7B0087810A = {
						CreatedOnToolsVersion = 14.0.1;
						TestTargetID = E9691AE428EC1D7A0087810A;
					};
					E9691AFE28EC1D7B0087810A = {
						CreatedOnToolsVersion = 14.0.1;
						TestTargetID = E9691AE428EC1D7A0087810A;
					};
				};
			};
			buildConfigurationList = E9691AE028EC1D7A0087810A /* Build configuration list for PBXProject "ScrumdingerWorkshop1" */;
			compatibilityVersion = "Xcode 14.0";
			developmentRegion = en;
			hasScannedForEncodings = 0;
			knownRegions = (
				en,
				Base,
			);
			mainGroup = E9691ADC28EC1D7A0087810A;
			productRefGroup = E9691AE628EC1D7A0087810A /* Products */;
			projectDirPath = "";
			projectRoot = "";
			targets = (
				E9691AE428EC1D7A0087810A /* ScrumdingerWorkshop1 */,
				E9691AF428EC1D7B0087810A /* ScrumdingerWorkshop1Tests */,
				E9691AFE28EC1D7B0087810A /* ScrumdingerWorkshop1UITests */,
			);
		};
/* End PBXProject section */

/* Begin PBXResourcesBuildPhase section */
		E9691AE328EC1D7A0087810A /* Resources */ = {
			isa = PBXResourcesBuildPhase;
			buildActionMask = 2147483647;
			files = (
				E9691AF028EC1D7B0087810A /* Preview Assets.xcassets in Resources */,
				E9691AED28EC1D7B0087810A /* Assets.xcassets in Resources */,
			);
			runOnlyForDeploymentPostprocessing = 0;
		};
		E9691AF328EC1D7B0087810A /* Resources */ = {
			isa = PBXResourcesBuildPhase;
			buildActionMask = 2147483647;
			files = (
			);
			runOnlyForDeploymentPostprocessing = 0;
		};
		E9691AFD28EC1D7B0087810A /* Resources */ = {
			isa = PBXResourcesBuildPhase;
			buildActionMask = 2147483647;
			files = (
			);
			runOnlyForDeploymentPostprocessing = 0;
		};
/* End PBXResourcesBuildPhase section */

/* Begin PBXSourcesBuildPhase section */
		E9691AE128EC1D7A0087810A /* Sources */ = {
			isa = PBXSourcesBuildPhase;
			buildActionMask = 2147483647;
			files = (
				E9691B1628EC26520087810A /* DailyScrum.swift in Sources */,
				E9691B1E28EC2D590087810A /* ScrumView.swift in Sources */,
				E9691B1C28EC2B420087810A /* TrailingIconLabelStyle.swift in Sources */,
				E9691AEB28EC1D7A0087810A /* MeetingView.swift in Sources */,
				E9691B1428EC25740087810A /* Themes.swift in Sources */,
				E9691AE928EC1D7A0087810A /* ScrumdingerWorkshop1App.swift in Sources */,
				E9691B1A28EC26EC0087810A /* CardView.swift in Sources */,
			);
			runOnlyForDeploymentPostprocessing = 0;
		};
		E9691AF128EC1D7B0087810A /* Sources */ = {
			isa = PBXSourcesBuildPhase;
			buildActionMask = 2147483647;
			files = (
				E9691AFA28EC1D7B0087810A /* ScrumdingerWorkshop1Tests.swift in Sources */,
			);
			runOnlyForDeploymentPostprocessing = 0;
		};
		E9691AFB28EC1D7B0087810A /* Sources */ = {
			isa = PBXSourcesBuildPhase;
			buildActionMask = 2147483647;
			files = (
				E9691B0428EC1D7B0087810A /* ScrumdingerWorkshop1UITests.swift in Sources */,
				E9691B0628EC1D7B0087810A /* ScrumdingerWorkshop1UITestsLaunchTests.swift in Sources */,
			);
			runOnlyForDeploymentPostprocessing = 0;
		};
/* End PBXSourcesBuildPhase section */

/* Begin PBXTargetDependency section */
		E9691AF728EC1D7B0087810A /* PBXTargetDependency */ = {
			isa = PBXTargetDependency;
			target = E9691AE428EC1D7A0087810A /* ScrumdingerWorkshop1 */;
			targetProxy = E9691AF628EC1D7B0087810A /* PBXContainerItemProxy */;
		};
		E9691B0128EC1D7B0087810A /* PBXTargetDependency */ = {
			isa = PBXTargetDependency;
			target = E9691AE428EC1D7A0087810A /* ScrumdingerWorkshop1 */;
			targetProxy = E9691B0028EC1D7B0087810A /* PBXContainerItemProxy */;
		};
/* End PBXTargetDependency section */

/* Begin XCBuildConfiguration section */
		E9691B0728EC1D7B0087810A /* Debug */ = {
			isa = XCBuildConfiguration;
			buildSettings = {
				ALWAYS_SEARCH_USER_PATHS = NO;
				CLANG_ANALYZER_NONNULL = YES;
				CLANG_ANALYZER_NUMBER_OBJECT_CONVERSION = YES_AGGRESSIVE;
				CLANG_CXX_LANGUAGE_STANDARD = "gnu++20";
				CLANG_ENABLE_MODULES = YES;
				CLANG_ENABLE_OBJC_ARC = YES;
				CLANG_ENABLE_OBJC_WEAK = YES;
				CLANG_WARN_BLOCK_CAPTURE_AUTORELEASING = YES;
				CLANG_WARN_BOOL_CONVERSION = YES;
				CLANG_WARN_COMMA = YES;
				CLANG_WARN_CONSTANT_CONVERSION = YES;
				CLANG_WARN_DEPRECATED_OBJC_IMPLEMENTATIONS = YES;
				CLANG_WARN_DIRECT_OBJC_ISA_USAGE = YES_ERROR;
				CLANG_WARN_DOCUMENTATION_COMMENTS = YES;
				CLANG_WARN_EMPTY_BODY = YES;
				CLANG_WARN_ENUM_CONVERSION = YES;
				CLANG_WARN_INFINITE_RECURSION = YES;
				CLANG_WARN_INT_CONVERSION = YES;
				CLANG_WARN_NON_LITERAL_NULL_CONVERSION = YES;
				CLANG_WARN_OBJC_IMPLICIT_RETAIN_SELF = YES;
				CLANG_WARN_OBJC_LITERAL_CONVERSION = YES;
				CLANG_WARN_OBJC_ROOT_CLASS = YES_ERROR;
				CLANG_WARN_QUOTED_INCLUDE_IN_FRAMEWORK_HEADER = YES;
				CLANG_WARN_RANGE_LOOP_ANALYSIS = YES;
				CLANG_WARN_STRICT_PROTOTYPES = YES;
				CLANG_WARN_SUSPICIOUS_MOVE = YES;
				CLANG_WARN_UNGUARDED_AVAILABILITY = YES_AGGRESSIVE;
				CLANG_WARN_UNREACHABLE_CODE = YES;
				CLANG_WARN__DUPLICATE_METHOD_MATCH = YES;
				COPY_PHASE_STRIP = NO;
				DEBUG_INFORMATION_FORMAT = dwarf;
				ENABLE_STRICT_OBJC_MSGSEND = YES;
				ENABLE_TESTABILITY = YES;
				GCC_C_LANGUAGE_STANDARD = gnu11;
				GCC_DYNAMIC_NO_PIC = NO;
				GCC_NO_COMMON_BLOCKS = YES;
				GCC_OPTIMIZATION_LEVEL = 0;
				GCC_PREPROCESSOR_DEFINITIONS = (
					"DEBUG=1",
					"$(inherited)",
				);
				GCC_WARN_64_TO_32_BIT_CONVERSION = YES;
				GCC_WARN_ABOUT_RETURN_TYPE = YES_ERROR;
				GCC_WARN_UNDECLARED_SELECTOR = YES;
				GCC_WARN_UNINITIALIZED_AUTOS = YES_AGGRESSIVE;
				GCC_WARN_UNUSED_FUNCTION = YES;
				GCC_WARN_UNUSED_VARIABLE = YES;
				IPHONEOS_DEPLOYMENT_TARGET = 16.0;
				MTL_ENABLE_DEBUG_INFO = INCLUDE_SOURCE;
				MTL_FAST_MATH = YES;
				ONLY_ACTIVE_ARCH = YES;
				SDKROOT = iphoneos;
				SWIFT_ACTIVE_COMPILATION_CONDITIONS = DEBUG;
				SWIFT_OPTIMIZATION_LEVEL = "-Onone";
			};
			name = Debug;
		};
		E9691B0828EC1D7B0087810A /* Release */ = {
			isa = XCBuildConfiguration;
			buildSettings = {
				ALWAYS_SEARCH_USER_PATHS = NO;
				CLANG_ANALYZER_NONNULL = YES;
				CLANG_ANALYZER_NUMBER_OBJECT_CONVERSION = YES_AGGRESSIVE;
				CLANG_CXX_LANGUAGE_STANDARD = "gnu++20";
				CLANG_ENABLE_MODULES = YES;
				CLANG_ENABLE_OBJC_ARC = YES;
				CLANG_ENABLE_OBJC_WEAK = YES;
				CLANG_WARN_BLOCK_CAPTURE_AUTORELEASING = YES;
				CLANG_WARN_BOOL_CONVERSION = YES;
				CLANG_WARN_COMMA = YES;
				CLANG_WARN_CONSTANT_CONVERSION = YES;
				CLANG_WARN_DEPRECATED_OBJC_IMPLEMENTATIONS = YES;
				CLANG_WARN_DIRECT_OBJC_ISA_USAGE = YES_ERROR;
				CLANG_WARN_DOCUMENTATION_COMMENTS = YES;
				CLANG_WARN_EMPTY_BODY = YES;
				CLANG_WARN_ENUM_CONVERSION = YES;
				CLANG_WARN_INFINITE_RECURSION = YES;
				CLANG_WARN_INT_CONVERSION = YES;
				CLANG_WARN_NON_LITERAL_NULL_CONVERSION = YES;
				CLANG_WARN_OBJC_IMPLICIT_RETAIN_SELF = YES;
				CLANG_WARN_OBJC_LITERAL_CONVERSION = YES;
				CLANG_WARN_OBJC_ROOT_CLASS = YES_ERROR;
				CLANG_WARN_QUOTED_INCLUDE_IN_FRAMEWORK_HEADER = YES;
				CLANG_WARN_RANGE_LOOP_ANALYSIS = YES;
				CLANG_WARN_STRICT_PROTOTYPES = YES;
				CLANG_WARN_SUSPICIOUS_MOVE = YES;
				CLANG_WARN_UNGUARDED_AVAILABILITY = YES_AGGRESSIVE;
				CLANG_WARN_UNREACHABLE_CODE = YES;
				CLANG_WARN__DUPLICATE_METHOD_MATCH = YES;
				COPY_PHASE_STRIP = NO;
				DEBUG_INFORMATION_FORMAT = "dwarf-with-dsym";
				ENABLE_NS_ASSERTIONS = NO;
				ENABLE_STRICT_OBJC_MSGSEND = YES;
				GCC_C_LANGUAGE_STANDARD = gnu11;
				GCC_NO_COMMON_BLOCKS = YES;
				GCC_WARN_64_TO_32_BIT_CONVERSION = YES;
				GCC_WARN_ABOUT_RETURN_TYPE = YES_ERROR;
				GCC_WARN_UNDECLARED_SELECTOR = YES;
				GCC_WARN_UNINITIALIZED_AUTOS = YES_AGGRESSIVE;
				GCC_WARN_UNUSED_FUNCTION = YES;
				GCC_WARN_UNUSED_VARIABLE = YES;
				IPHONEOS_DEPLOYMENT_TARGET = 16.0;
				MTL_ENABLE_DEBUG_INFO = NO;
				MTL_FAST_MATH = YES;
				SDKROOT = iphoneos;
				SWIFT_COMPILATION_MODE = wholemodule;
				SWIFT_OPTIMIZATION_LEVEL = "-O";
				VALIDATE_PRODUCT = YES;
			};
			name = Release;
		};
		E9691B0A28EC1D7B0087810A /* Debug */ = {
			isa = XCBuildConfiguration;
			buildSettings = {
				ASSETCATALOG_COMPILER_APPICON_NAME = AppIcon;
				ASSETCATALOG_COMPILER_GLOBAL_ACCENT_COLOR_NAME = AccentColor;
				CODE_SIGN_STYLE = Automatic;
				CURRENT_PROJECT_VERSION = 1;
				DEVELOPMENT_ASSET_PATHS = "\"ScrumdingerWorkshop1/Preview Content\"";
				DEVELOPMENT_TEAM = H545Z6D73Z;
				ENABLE_PREVIEWS = YES;
				GENERATE_INFOPLIST_FILE = YES;
				INFOPLIST_KEY_UIApplicationSceneManifest_Generation = YES;
				INFOPLIST_KEY_UIApplicationSupportsIndirectInputEvents = YES;
				INFOPLIST_KEY_UILaunchScreen_Generation = YES;
				INFOPLIST_KEY_UISupportedInterfaceOrientations_iPad = "UIInterfaceOrientationPortrait UIInterfaceOrientationPortraitUpsideDown UIInterfaceOrientationLandscapeLeft UIInterfaceOrientationLandscapeRight";
				INFOPLIST_KEY_UISupportedInterfaceOrientations_iPhone = "UIInterfaceOrientationPortrait UIInterfaceOrientationLandscapeLeft UIInterfaceOrientationLandscapeRight";
				LD_RUNPATH_SEARCH_PATHS = (
					"$(inherited)",
					"@executable_path/Frameworks",
				);
				MARKETING_VERSION = 1.0;
				PRODUCT_BUNDLE_IDENTIFIER = workshop1.ScrumdingerWorkshop1;
				PRODUCT_NAME = "$(TARGET_NAME)";
				SWIFT_EMIT_LOC_STRINGS = YES;
				SWIFT_VERSION = 5.0;
				TARGETED_DEVICE_FAMILY = "1,2";
			};
			name = Debug;
		};
		E9691B0B28EC1D7B0087810A /* Release */ = {
			isa = XCBuildConfiguration;
			buildSettings = {
				ASSETCATALOG_COMPILER_APPICON_NAME = AppIcon;
				ASSETCATALOG_COMPILER_GLOBAL_ACCENT_COLOR_NAME = AccentColor;
				CODE_SIGN_STYLE = Automatic;
				CURRENT_PROJECT_VERSION = 1;
				DEVELOPMENT_ASSET_PATHS = "\"ScrumdingerWorkshop1/Preview Content\"";
				DEVELOPMENT_TEAM = H545Z6D73Z;
				ENABLE_PREVIEWS = YES;
				GENERATE_INFOPLIST_FILE = YES;
				INFOPLIST_KEY_UIApplicationSceneManifest_Generation = YES;
				INFOPLIST_KEY_UIApplicationSupportsIndirectInputEvents = YES;
				INFOPLIST_KEY_UILaunchScreen_Generation = YES;
				INFOPLIST_KEY_UISupportedInterfaceOrientations_iPad = "UIInterfaceOrientationPortrait UIInterfaceOrientationPortraitUpsideDown UIInterfaceOrientationLandscapeLeft UIInterfaceOrientationLandscapeRight";
				INFOPLIST_KEY_UISupportedInterfaceOrientations_iPhone = "UIInterfaceOrientationPortrait UIInterfaceOrientationLandscapeLeft UIInterfaceOrientationLandscapeRight";
				LD_RUNPATH_SEARCH_PATHS = (
					"$(inherited)",
					"@executable_path/Frameworks",
				);
				MARKETING_VERSION = 1.0;
				PRODUCT_BUNDLE_IDENTIFIER = workshop1.ScrumdingerWorkshop1;
				PRODUCT_NAME = "$(TARGET_NAME)";
				SWIFT_EMIT_LOC_STRINGS = YES;
				SWIFT_VERSION = 5.0;
				TARGETED_DEVICE_FAMILY = "1,2";
			};
			name = Release;
		};
		E9691B0D28EC1D7B0087810A /* Debug */ = {
			isa = XCBuildConfiguration;
			buildSettings = {
				ALWAYS_EMBED_SWIFT_STANDARD_LIBRARIES = YES;
				BUNDLE_LOADER = "$(TEST_HOST)";
				CODE_SIGN_STYLE = Automatic;
				CURRENT_PROJECT_VERSION = 1;
				DEVELOPMENT_TEAM = H545Z6D73Z;
				GENERATE_INFOPLIST_FILE = YES;
				IPHONEOS_DEPLOYMENT_TARGET = 16.0;
				MARKETING_VERSION = 1.0;
				PRODUCT_BUNDLE_IDENTIFIER = workshop1.ScrumdingerWorkshop1Tests;
				PRODUCT_NAME = "$(TARGET_NAME)";
				SWIFT_EMIT_LOC_STRINGS = NO;
				SWIFT_VERSION = 5.0;
				TARGETED_DEVICE_FAMILY = "1,2";
				TEST_HOST = "$(BUILT_PRODUCTS_DIR)/ScrumdingerWorkshop1.app/$(BUNDLE_EXECUTABLE_FOLDER_PATH)/ScrumdingerWorkshop1";
			};
			name = Debug;
		};
		E9691B0E28EC1D7B0087810A /* Release */ = {
			isa = XCBuildConfiguration;
			buildSettings = {
				ALWAYS_EMBED_SWIFT_STANDARD_LIBRARIES = YES;
				BUNDLE_LOADER = "$(TEST_HOST)";
				CODE_SIGN_STYLE = Automatic;
				CURRENT_PROJECT_VERSION = 1;
				DEVELOPMENT_TEAM = H545Z6D73Z;
				GENERATE_INFOPLIST_FILE = YES;
				IPHONEOS_DEPLOYMENT_TARGET = 16.0;
				MARKETING_VERSION = 1.0;
				PRODUCT_BUNDLE_IDENTIFIER = workshop1.ScrumdingerWorkshop1Tests;
				PRODUCT_NAME = "$(TARGET_NAME)";
				SWIFT_EMIT_LOC_STRINGS = NO;
				SWIFT_VERSION = 5.0;
				TARGETED_DEVICE_FAMILY = "1,2";
				TEST_HOST = "$(BUILT_PRODUCTS_DIR)/ScrumdingerWorkshop1.app/$(BUNDLE_EXECUTABLE_FOLDER_PATH)/ScrumdingerWorkshop1";
			};
			name = Release;
		};
		E9691B1028EC1D7B0087810A /* Debug */ = {
			isa = XCBuildConfiguration;
			buildSettings = {
				ALWAYS_EMBED_SWIFT_STANDARD_LIBRARIES = YES;
				CODE_SIGN_STYLE = Automatic;
				CURRENT_PROJECT_VERSION = 1;
				DEVELOPMENT_TEAM = H545Z6D73Z;
				GENERATE_INFOPLIST_FILE = YES;
				MARKETING_VERSION = 1.0;
				PRODUCT_BUNDLE_IDENTIFIER = workshop1.ScrumdingerWorkshop1UITests;
				PRODUCT_NAME = "$(TARGET_NAME)";
				SWIFT_EMIT_LOC_STRINGS = NO;
				SWIFT_VERSION = 5.0;
				TARGETED_DEVICE_FAMILY = "1,2";
				TEST_TARGET_NAME = ScrumdingerWorkshop1;
			};
			name = Debug;
		};
		E9691B1128EC1D7B0087810A /* Release */ = {
			isa = XCBuildConfiguration;
			buildSettings = {
				ALWAYS_EMBED_SWIFT_STANDARD_LIBRARIES = YES;
				CODE_SIGN_STYLE = Automatic;
				CURRENT_PROJECT_VERSION = 1;
				DEVELOPMENT_TEAM = H545Z6D73Z;
				GENERATE_INFOPLIST_FILE = YES;
				MARKETING_VERSION = 1.0;
				PRODUCT_BUNDLE_IDENTIFIER = workshop1.ScrumdingerWorkshop1UITests;
				PRODUCT_NAME = "$(TARGET_NAME)";
				SWIFT_EMIT_LOC_STRINGS = NO;
				SWIFT_VERSION = 5.0;
				TARGETED_DEVICE_FAMILY = "1,2";
				TEST_TARGET_NAME = ScrumdingerWorkshop1;
			};
			name = Release;
		};
/* End XCBuildConfiguration section */

/* Begin XCConfigurationList section */
		E9691AE028EC1D7A0087810A /* Build configuration list for PBXProject "ScrumdingerWorkshop1" */ = {
			isa = XCConfigurationList;
			buildConfigurations = (
				E9691B0728EC1D7B0087810A /* Debug */,
				E9691B0828EC1D7B0087810A /* Release */,
			);
			defaultConfigurationIsVisible = 0;
			defaultConfigurationName = Release;
		};
		E9691B0928EC1D7B0087810A /* Build configuration list for PBXNativeTarget "ScrumdingerWorkshop1" */ = {
			isa = XCConfigurationList;
			buildConfigurations = (
				E9691B0A28EC1D7B0087810A /* Debug */,
				E9691B0B28EC1D7B0087810A /* Release */,
			);
			defaultConfigurationIsVisible = 0;
			defaultConfigurationName = Release;
		};
		E9691B0C28EC1D7B0087810A /* Build configuration list for PBXNativeTarget "ScrumdingerWorkshop1Tests" */ = {
			isa = XCConfigurationList;
			buildConfigurations = (
				E9691B0D28EC1D7B0087810A /* Debug */,
				E9691B0E28EC1D7B0087810A /* Release */,
			);
			defaultConfigurationIsVisible = 0;
			defaultConfigurationName = Release;
		};
		E9691B0F28EC1D7B0087810A /* Build configuration list for PBXNativeTarget "ScrumdingerWorkshop1UITests" */ = {
			isa = XCConfigurationList;
			buildConfigurations = (
				E9691B1028EC1D7B0087810A /* Debug */,
				E9691B1128EC1D7B0087810A /* Release */,
			);
			defaultConfigurationIsVisible = 0;
			defaultConfigurationName = Release;
		};
/* End XCConfigurationList section */
	};
	rootObject = E9691ADD28EC1D7A0087810A /* Project object */;
}
