// !$*UTF8*$!
{
	archiveVersion = 1;
	classes = {
	};
	objectVersion = 56;
	objects = {

/* Begin PBXBuildFile section */
		E979E7D9290139CF0094EA78 /* POCPickLocationMapApp.swift in Sources */ = {isa = PBXBuildFile; fileRef = E979E7D8290139CF0094EA78 /* POCPickLocationMapApp.swift */; };
		E979E7DB290139CF0094EA78 /* ContentView.swift in Sources */ = {isa = PBXBuildFile; fileRef = E979E7DA290139CF0094EA78 /* ContentView.swift */; };
		E979E7DD290139CF0094EA78 /* Assets.xcassets in Resources */ = {isa = PBXBuildFile; fileRef = E979E7DC290139CF0094EA78 /* Assets.xcassets */; };
		E979E7E0290139CF0094EA78 /* Preview Assets.xcassets in Resources */ = {isa = PBXBuildFile; fileRef = E979E7DF290139CF0094EA78 /* Preview Assets.xcassets */; };
		E979E7EA290139D00094EA78 /* POCPickLocationMapTests.swift in Sources */ = {isa = PBXBuildFile; fileRef = E979E7E9290139D00094EA78 /* POCPickLocationMapTests.swift */; };
		E979E7F4290139D00094EA78 /* POCPickLocationMapUITests.swift in Sources */ = {isa = PBXBuildFile; fileRef = E979E7F3290139D00094EA78 /* POCPickLocationMapUITests.swift */; };
		E979E7F6290139D00094EA78 /* POCPickLocationMapUITestsLaunchTests.swift in Sources */ = {isa = PBXBuildFile; fileRef = E979E7F5290139D00094EA78 /* POCPickLocationMapUITestsLaunchTests.swift */; };
		E979E80329013B250094EA78 /* Location.swift in Sources */ = {isa = PBXBuildFile; fileRef = E979E80229013B250094EA78 /* Location.swift */; };
/* End PBXBuildFile section */

/* Begin PBXContainerItemProxy section */
		E979E7E6290139D00094EA78 /* PBXContainerItemProxy */ = {
			isa = PBXContainerItemProxy;
			containerPortal = E979E7CD290139CF0094EA78 /* Project object */;
			proxyType = 1;
			remoteGlobalIDString = E979E7D4290139CF0094EA78;
			remoteInfo = POCPickLocationMap;
		};
		E979E7F0290139D00094EA78 /* PBXContainerItemProxy */ = {
			isa = PBXContainerItemProxy;
			containerPortal = E979E7CD290139CF0094EA78 /* Project object */;
			proxyType = 1;
			remoteGlobalIDString = E979E7D4290139CF0094EA78;
			remoteInfo = POCPickLocationMap;
		};
/* End PBXContainerItemProxy section */

/* Begin PBXFileReference section */
		E979E7D5290139CF0094EA78 /* POCPickLocationMap.app */ = {isa = PBXFileReference; explicitFileType = wrapper.application; includeInIndex = 0; path = POCPickLocationMap.app; sourceTree = BUILT_PRODUCTS_DIR; };
		E979E7D8290139CF0094EA78 /* POCPickLocationMapApp.swift */ = {isa = PBXFileReference; lastKnownFileType = sourcecode.swift; path = POCPickLocationMapApp.swift; sourceTree = "<group>"; };
		E979E7DA290139CF0094EA78 /* ContentView.swift */ = {isa = PBXFileReference; lastKnownFileType = sourcecode.swift; path = ContentView.swift; sourceTree = "<group>"; };
		E979E7DC290139CF0094EA78 /* Assets.xcassets */ = {isa = PBXFileReference; lastKnownFileType = folder.assetcatalog; path = Assets.xcassets; sourceTree = "<group>"; };
		E979E7DF290139CF0094EA78 /* Preview Assets.xcassets */ = {isa = PBXFileReference; lastKnownFileType = folder.assetcatalog; path = "Preview Assets.xcassets"; sourceTree = "<group>"; };
		E979E7E5290139CF0094EA78 /* POCPickLocationMapTests.xctest */ = {isa = PBXFileReference; explicitFileType = wrapper.cfbundle; includeInIndex = 0; path = POCPickLocationMapTests.xctest; sourceTree = BUILT_PRODUCTS_DIR; };
		E979E7E9290139D00094EA78 /* POCPickLocationMapTests.swift */ = {isa = PBXFileReference; lastKnownFileType = sourcecode.swift; path = POCPickLocationMapTests.swift; sourceTree = "<group>"; };
		E979E7EF290139D00094EA78 /* POCPickLocationMapUITests.xctest */ = {isa = PBXFileReference; explicitFileType = wrapper.cfbundle; includeInIndex = 0; path = POCPickLocationMapUITests.xctest; sourceTree = BUILT_PRODUCTS_DIR; };
		E979E7F3290139D00094EA78 /* POCPickLocationMapUITests.swift */ = {isa = PBXFileReference; lastKnownFileType = sourcecode.swift; path = POCPickLocationMapUITests.swift; sourceTree = "<group>"; };
		E979E7F5290139D00094EA78 /* POCPickLocationMapUITestsLaunchTests.swift */ = {isa = PBXFileReference; lastKnownFileType = sourcecode.swift; path = POCPickLocationMapUITestsLaunchTests.swift; sourceTree = "<group>"; };
		E979E80229013B250094EA78 /* Location.swift */ = {isa = PBXFileReference; lastKnownFileType = sourcecode.swift; path = Location.swift; sourceTree = "<group>"; };
/* End PBXFileReference section */

/* Begin PBXFrameworksBuildPhase section */
		E979E7D2290139CF0094EA78 /* Frameworks */ = {
			isa = PBXFrameworksBuildPhase;
			buildActionMask = 2147483647;
			files = (
			);
			runOnlyForDeploymentPostprocessing = 0;
		};
		E979E7E2290139CF0094EA78 /* Frameworks */ = {
			isa = PBXFrameworksBuildPhase;
			buildActionMask = 2147483647;
			files = (
			);
			runOnlyForDeploymentPostprocessing = 0;
		};
		E979E7EC290139D00094EA78 /* Frameworks */ = {
			isa = PBXFrameworksBuildPhase;
			buildActionMask = 2147483647;
			files = (
			);
			runOnlyForDeploymentPostprocessing = 0;
		};
/* End PBXFrameworksBuildPhase section */

/* Begin PBXGroup section */
		E979E7CC290139CF0094EA78 = {
			isa = PBXGroup;
			children = (
				E979E7D7290139CF0094EA78 /* POCPickLocationMap */,
				E979E7E8290139D00094EA78 /* POCPickLocationMapTests */,
				E979E7F2290139D00094EA78 /* POCPickLocationMapUITests */,
				E979E7D6290139CF0094EA78 /* Products */,
			);
			sourceTree = "<group>";
		};
		E979E7D6290139CF0094EA78 /* Products */ = {
			isa = PBXGroup;
			children = (
				E979E7D5290139CF0094EA78 /* POCPickLocationMap.app */,
				E979E7E5290139CF0094EA78 /* POCPickLocationMapTests.xctest */,
				E979E7EF290139D00094EA78 /* POCPickLocationMapUITests.xctest */,
			);
			name = Products;
			sourceTree = "<group>";
		};
		E979E7D7290139CF0094EA78 /* POCPickLocationMap */ = {
			isa = PBXGroup;
			children = (
				E979E7D8290139CF0094EA78 /* POCPickLocationMapApp.swift */,
				E979E7DA290139CF0094EA78 /* ContentView.swift */,
				E979E80229013B250094EA78 /* Location.swift */,
				E979E7DC290139CF0094EA78 /* Assets.xcassets */,
				E979E7DE290139CF0094EA78 /* Preview Content */,
			);
			path = POCPickLocationMap;
			sourceTree = "<group>";
		};
		E979E7DE290139CF0094EA78 /* Preview Content */ = {
			isa = PBXGroup;
			children = (
				E979E7DF290139CF0094EA78 /* Preview Assets.xcassets */,
			);
			path = "Preview Content";
			sourceTree = "<group>";
		};
		E979E7E8290139D00094EA78 /* POCPickLocationMapTests */ = {
			isa = PBXGroup;
			children = (
				E979E7E9290139D00094EA78 /* POCPickLocationMapTests.swift */,
			);
			path = POCPickLocationMapTests;
			sourceTree = "<group>";
		};
		E979E7F2290139D00094EA78 /* POCPickLocationMapUITests */ = {
			isa = PBXGroup;
			children = (
				E979E7F3290139D00094EA78 /* POCPickLocationMapUITests.swift */,
				E979E7F5290139D00094EA78 /* POCPickLocationMapUITestsLaunchTests.swift */,
			);
			path = POCPickLocationMapUITests;
			sourceTree = "<group>";
		};
/* End PBXGroup section */

/* Begin PBXNativeTarget section */
		E979E7D4290139CF0094EA78 /* POCPickLocationMap */ = {
			isa = PBXNativeTarget;
			buildConfigurationList = E979E7F9290139D00094EA78 /* Build configuration list for PBXNativeTarget "POCPickLocationMap" */;
			buildPhases = (
				E979E7D1290139CF0094EA78 /* Sources */,
				E979E7D2290139CF0094EA78 /* Frameworks */,
				E979E7D3290139CF0094EA78 /* Resources */,
			);
			buildRules = (
			);
			dependencies = (
			);
			name = POCPickLocationMap;
			productName = POCPickLocationMap;
			productReference = E979E7D5290139CF0094EA78 /* POCPickLocationMap.app */;
			productType = "com.apple.product-type.application";
		};
		E979E7E4290139CF0094EA78 /* POCPickLocationMapTests */ = {
			isa = PBXNativeTarget;
			buildConfigurationList = E979E7FC290139D00094EA78 /* Build configuration list for PBXNativeTarget "POCPickLocationMapTests" */;
			buildPhases = (
				E979E7E1290139CF0094EA78 /* Sources */,
				E979E7E2290139CF0094EA78 /* Frameworks */,
				E979E7E3290139CF0094EA78 /* Resources */,
			);
			buildRules = (
			);
			dependencies = (
				E979E7E7290139D00094EA78 /* PBXTargetDependency */,
			);
			name = POCPickLocationMapTests;
			productName = POCPickLocationMapTests;
			productReference = E979E7E5290139CF0094EA78 /* POCPickLocationMapTests.xctest */;
			productType = "com.apple.product-type.bundle.unit-test";
		};
		E979E7EE290139D00094EA78 /* POCPickLocationMapUITests */ = {
			isa = PBXNativeTarget;
			buildConfigurationList = E979E7FF290139D00094EA78 /* Build configuration list for PBXNativeTarget "POCPickLocationMapUITests" */;
			buildPhases = (
				E979E7EB290139D00094EA78 /* Sources */,
				E979E7EC290139D00094EA78 /* Frameworks */,
				E979E7ED290139D00094EA78 /* Resources */,
			);
			buildRules = (
			);
			dependencies = (
				E979E7F1290139D00094EA78 /* PBXTargetDependency */,
			);
			name = POCPickLocationMapUITests;
			productName = POCPickLocationMapUITests;
			productReference = E979E7EF290139D00094EA78 /* POCPickLocationMapUITests.xctest */;
			productType = "com.apple.product-type.bundle.ui-testing";
		};
/* End PBXNativeTarget section */

/* Begin PBXProject section */
		E979E7CD290139CF0094EA78 /* Project object */ = {
			isa = PBXProject;
			attributes = {
				BuildIndependentTargetsInParallel = 1;
				LastSwiftUpdateCheck = 1400;
				LastUpgradeCheck = 1400;
				TargetAttributes = {
					E979E7D4290139CF0094EA78 = {
						CreatedOnToolsVersion = 14.0.1;
					};
					E979E7E4290139CF0094EA78 = {
						CreatedOnToolsVersion = 14.0.1;
						TestTargetID = E979E7D4290139CF0094EA78;
					};
					E979E7EE290139D00094EA78 = {
						CreatedOnToolsVersion = 14.0.1;
						TestTargetID = E979E7D4290139CF0094EA78;
					};
				};
			};
			buildConfigurationList = E979E7D0290139CF0094EA78 /* Build configuration list for PBXProject "POCPickLocationMap" */;
			compatibilityVersion = "Xcode 14.0";
			developmentRegion = en;
			hasScannedForEncodings = 0;
			knownRegions = (
				en,
				Base,
			);
			mainGroup = E979E7CC290139CF0094EA78;
			productRefGroup = E979E7D6290139CF0094EA78 /* Products */;
			projectDirPath = "";
			projectRoot = "";
			targets = (
				E979E7D4290139CF0094EA78 /* POCPickLocationMap */,
				E979E7E4290139CF0094EA78 /* POCPickLocationMapTests */,
				E979E7EE290139D00094EA78 /* POCPickLocationMapUITests */,
			);
		};
/* End PBXProject section */

/* Begin PBXResourcesBuildPhase section */
		E979E7D3290139CF0094EA78 /* Resources */ = {
			isa = PBXResourcesBuildPhase;
			buildActionMask = 2147483647;
			files = (
				E979E7E0290139CF0094EA78 /* Preview Assets.xcassets in Resources */,
				E979E7DD290139CF0094EA78 /* Assets.xcassets in Resources */,
			);
			runOnlyForDeploymentPostprocessing = 0;
		};
		E979E7E3290139CF0094EA78 /* Resources */ = {
			isa = PBXResourcesBuildPhase;
			buildActionMask = 2147483647;
			files = (
			);
			runOnlyForDeploymentPostprocessing = 0;
		};
		E979E7ED290139D00094EA78 /* Resources */ = {
			isa = PBXResourcesBuildPhase;
			buildActionMask = 2147483647;
			files = (
			);
			runOnlyForDeploymentPostprocessing = 0;
		};
/* End PBXResourcesBuildPhase section */

/* Begin PBXSourcesBuildPhase section */
		E979E7D1290139CF0094EA78 /* Sources */ = {
			isa = PBXSourcesBuildPhase;
			buildActionMask = 2147483647;
			files = (
				E979E7DB290139CF0094EA78 /* ContentView.swift in Sources */,
				E979E80329013B250094EA78 /* Location.swift in Sources */,
				E979E7D9290139CF0094EA78 /* POCPickLocationMapApp.swift in Sources */,
			);
			runOnlyForDeploymentPostprocessing = 0;
		};
		E979E7E1290139CF0094EA78 /* Sources */ = {
			isa = PBXSourcesBuildPhase;
			buildActionMask = 2147483647;
			files = (
				E979E7EA290139D00094EA78 /* POCPickLocationMapTests.swift in Sources */,
			);
			runOnlyForDeploymentPostprocessing = 0;
		};
		E979E7EB290139D00094EA78 /* Sources */ = {
			isa = PBXSourcesBuildPhase;
			buildActionMask = 2147483647;
			files = (
				E979E7F6290139D00094EA78 /* POCPickLocationMapUITestsLaunchTests.swift in Sources */,
				E979E7F4290139D00094EA78 /* POCPickLocationMapUITests.swift in Sources */,
			);
			runOnlyForDeploymentPostprocessing = 0;
		};
/* End PBXSourcesBuildPhase section */

/* Begin PBXTargetDependency section */
		E979E7E7290139D00094EA78 /* PBXTargetDependency */ = {
			isa = PBXTargetDependency;
			target = E979E7D4290139CF0094EA78 /* POCPickLocationMap */;
			targetProxy = E979E7E6290139D00094EA78 /* PBXContainerItemProxy */;
		};
		E979E7F1290139D00094EA78 /* PBXTargetDependency */ = {
			isa = PBXTargetDependency;
			target = E979E7D4290139CF0094EA78 /* POCPickLocationMap */;
			targetProxy = E979E7F0290139D00094EA78 /* PBXContainerItemProxy */;
		};
/* End PBXTargetDependency section */

/* Begin XCBuildConfiguration section */
		E979E7F7290139D00094EA78 /* Debug */ = {
			isa = XCBuildConfiguration;
			buildSettings = {
				ALWAYS_SEARCH_USER_PATHS = NO;
				CLANG_ANALYZER_NONNULL = YES;
				CLANG_ANALYZER_NUMBER_OBJECT_CONVERSION = YES_AGGRESSIVE;
				CLANG_CXX_LANGUAGE_STANDARD = "gnu++20";
				CLANG_ENABLE_MODULES = YES;
				CLANG_ENABLE_OBJC_ARC = YES;
				CLANG_ENABLE_OBJC_WEAK = YES;
				CLANG_WARN_BLOCK_CAPTURE_AUTORELEASING = YES;
				CLANG_WARN_BOOL_CONVERSION = YES;
				CLANG_WARN_COMMA = YES;
				CLANG_WARN_CONSTANT_CONVERSION = YES;
				CLANG_WARN_DEPRECATED_OBJC_IMPLEMENTATIONS = YES;
				CLANG_WARN_DIRECT_OBJC_ISA_USAGE = YES_ERROR;
				CLANG_WARN_DOCUMENTATION_COMMENTS = YES;
				CLANG_WARN_EMPTY_BODY = YES;
				CLANG_WARN_ENUM_CONVERSION = YES;
				CLANG_WARN_INFINITE_RECURSION = YES;
				CLANG_WARN_INT_CONVERSION = YES;
				CLANG_WARN_NON_LITERAL_NULL_CONVERSION = YES;
				CLANG_WARN_OBJC_IMPLICIT_RETAIN_SELF = YES;
				CLANG_WARN_OBJC_LITERAL_CONVERSION = YES;
				CLANG_WARN_OBJC_ROOT_CLASS = YES_ERROR;
				CLANG_WARN_QUOTED_INCLUDE_IN_FRAMEWORK_HEADER = YES;
				CLANG_WARN_RANGE_LOOP_ANALYSIS = YES;
				CLANG_WARN_STRICT_PROTOTYPES = YES;
				CLANG_WARN_SUSPICIOUS_MOVE = YES;
				CLANG_WARN_UNGUARDED_AVAILABILITY = YES_AGGRESSIVE;
				CLANG_WARN_UNREACHABLE_CODE = YES;
				CLANG_WARN__DUPLICATE_METHOD_MATCH = YES;
				COPY_PHASE_STRIP = NO;
				DEBUG_INFORMATION_FORMAT = dwarf;
				ENABLE_STRICT_OBJC_MSGSEND = YES;
				ENABLE_TESTABILITY = YES;
				GCC_C_LANGUAGE_STANDARD = gnu11;
				GCC_DYNAMIC_NO_PIC = NO;
				GCC_NO_COMMON_BLOCKS = YES;
				GCC_OPTIMIZATION_LEVEL = 0;
				GCC_PREPROCESSOR_DEFINITIONS = (
					"DEBUG=1",
					"$(inherited)",
				);
				GCC_WARN_64_TO_32_BIT_CONVERSION = YES;
				GCC_WARN_ABOUT_RETURN_TYPE = YES_ERROR;
				GCC_WARN_UNDECLARED_SELECTOR = YES;
				GCC_WARN_UNINITIALIZED_AUTOS = YES_AGGRESSIVE;
				GCC_WARN_UNUSED_FUNCTION = YES;
				GCC_WARN_UNUSED_VARIABLE = YES;
				IPHONEOS_DEPLOYMENT_TARGET = 16.0;
				MTL_ENABLE_DEBUG_INFO = INCLUDE_SOURCE;
				MTL_FAST_MATH = YES;
				ONLY_ACTIVE_ARCH = YES;
				SDKROOT = iphoneos;
				SWIFT_ACTIVE_COMPILATION_CONDITIONS = DEBUG;
				SWIFT_OPTIMIZATION_LEVEL = "-Onone";
			};
			name = Debug;
		};
		E979E7F8290139D00094EA78 /* Release */ = {
			isa = XCBuildConfiguration;
			buildSettings = {
				ALWAYS_SEARCH_USER_PATHS = NO;
				CLANG_ANALYZER_NONNULL = YES;
				CLANG_ANALYZER_NUMBER_OBJECT_CONVERSION = YES_AGGRESSIVE;
				CLANG_CXX_LANGUAGE_STANDARD = "gnu++20";
				CLANG_ENABLE_MODULES = YES;
				CLANG_ENABLE_OBJC_ARC = YES;
				CLANG_ENABLE_OBJC_WEAK = YES;
				CLANG_WARN_BLOCK_CAPTURE_AUTORELEASING = YES;
				CLANG_WARN_BOOL_CONVERSION = YES;
				CLANG_WARN_COMMA = YES;
				CLANG_WARN_CONSTANT_CONVERSION = YES;
				CLANG_WARN_DEPRECATED_OBJC_IMPLEMENTATIONS = YES;
				CLANG_WARN_DIRECT_OBJC_ISA_USAGE = YES_ERROR;
				CLANG_WARN_DOCUMENTATION_COMMENTS = YES;
				CLANG_WARN_EMPTY_BODY = YES;
				CLANG_WARN_ENUM_CONVERSION = YES;
				CLANG_WARN_INFINITE_RECURSION = YES;
				CLANG_WARN_INT_CONVERSION = YES;
				CLANG_WARN_NON_LITERAL_NULL_CONVERSION = YES;
				CLANG_WARN_OBJC_IMPLICIT_RETAIN_SELF = YES;
				CLANG_WARN_OBJC_LITERAL_CONVERSION = YES;
				CLANG_WARN_OBJC_ROOT_CLASS = YES_ERROR;
				CLANG_WARN_QUOTED_INCLUDE_IN_FRAMEWORK_HEADER = YES;
				CLANG_WARN_RANGE_LOOP_ANALYSIS = YES;
				CLANG_WARN_STRICT_PROTOTYPES = YES;
				CLANG_WARN_SUSPICIOUS_MOVE = YES;
				CLANG_WARN_UNGUARDED_AVAILABILITY = YES_AGGRESSIVE;
				CLANG_WARN_UNREACHABLE_CODE = YES;
				CLANG_WARN__DUPLICATE_METHOD_MATCH = YES;
				COPY_PHASE_STRIP = NO;
				DEBUG_INFORMATION_FORMAT = "dwarf-with-dsym";
				ENABLE_NS_ASSERTIONS = NO;
				ENABLE_STRICT_OBJC_MSGSEND = YES;
				GCC_C_LANGUAGE_STANDARD = gnu11;
				GCC_NO_COMMON_BLOCKS = YES;
				GCC_WARN_64_TO_32_BIT_CONVERSION = YES;
				GCC_WARN_ABOUT_RETURN_TYPE = YES_ERROR;
				GCC_WARN_UNDECLARED_SELECTOR = YES;
				GCC_WARN_UNINITIALIZED_AUTOS = YES_AGGRESSIVE;
				GCC_WARN_UNUSED_FUNCTION = YES;
				GCC_WARN_UNUSED_VARIABLE = YES;
				IPHONEOS_DEPLOYMENT_TARGET = 16.0;
				MTL_ENABLE_DEBUG_INFO = NO;
				MTL_FAST_MATH = YES;
				SDKROOT = iphoneos;
				SWIFT_COMPILATION_MODE = wholemodule;
				SWIFT_OPTIMIZATION_LEVEL = "-O";
				VALIDATE_PRODUCT = YES;
			};
			name = Release;
		};
		E979E7FA290139D00094EA78 /* Debug */ = {
			isa = XCBuildConfiguration;
			buildSettings = {
				ASSETCATALOG_COMPILER_APPICON_NAME = AppIcon;
				ASSETCATALOG_COMPILER_GLOBAL_ACCENT_COLOR_NAME = AccentColor;
				CODE_SIGN_STYLE = Automatic;
				CURRENT_PROJECT_VERSION = 1;
				DEVELOPMENT_ASSET_PATHS = "\"POCPickLocationMap/Preview Content\"";
				DEVELOPMENT_TEAM = H545Z6D73Z;
				ENABLE_PREVIEWS = YES;
				GENERATE_INFOPLIST_FILE = YES;
				INFOPLIST_KEY_UIApplicationSceneManifest_Generation = YES;
				INFOPLIST_KEY_UIApplicationSupportsIndirectInputEvents = YES;
				INFOPLIST_KEY_UILaunchScreen_Generation = YES;
				INFOPLIST_KEY_UISupportedInterfaceOrientations_iPad = "UIInterfaceOrientationPortrait UIInterfaceOrientationPortraitUpsideDown UIInterfaceOrientationLandscapeLeft UIInterfaceOrientationLandscapeRight";
				INFOPLIST_KEY_UISupportedInterfaceOrientations_iPhone = "UIInterfaceOrientationPortrait UIInterfaceOrientationLandscapeLeft UIInterfaceOrientationLandscapeRight";
				LD_RUNPATH_SEARCH_PATHS = (
					"$(inherited)",
					"@executable_path/Frameworks",
				);
				MARKETING_VERSION = 1.0;
				PRODUCT_BUNDLE_IDENTIFIER = workshop1.POCPickLocationMap;
				PRODUCT_NAME = "$(TARGET_NAME)";
				SWIFT_EMIT_LOC_STRINGS = YES;
				SWIFT_VERSION = 5.0;
				TARGETED_DEVICE_FAMILY = "1,2";
			};
			name = Debug;
		};
		E979E7FB290139D00094EA78 /* Release */ = {
			isa = XCBuildConfiguration;
			buildSettings = {
				ASSETCATALOG_COMPILER_APPICON_NAME = AppIcon;
				ASSETCATALOG_COMPILER_GLOBAL_ACCENT_COLOR_NAME = AccentColor;
				CODE_SIGN_STYLE = Automatic;
				CURRENT_PROJECT_VERSION = 1;
				DEVELOPMENT_ASSET_PATHS = "\"POCPickLocationMap/Preview Content\"";
				DEVELOPMENT_TEAM = H545Z6D73Z;
				ENABLE_PREVIEWS = YES;
				GENERATE_INFOPLIST_FILE = YES;
				INFOPLIST_KEY_UIApplicationSceneManifest_Generation = YES;
				INFOPLIST_KEY_UIApplicationSupportsIndirectInputEvents = YES;
				INFOPLIST_KEY_UILaunchScreen_Generation = YES;
				INFOPLIST_KEY_UISupportedInterfaceOrientations_iPad = "UIInterfaceOrientationPortrait UIInterfaceOrientationPortraitUpsideDown UIInterfaceOrientationLandscapeLeft UIInterfaceOrientationLandscapeRight";
				INFOPLIST_KEY_UISupportedInterfaceOrientations_iPhone = "UIInterfaceOrientationPortrait UIInterfaceOrientationLandscapeLeft UIInterfaceOrientationLandscapeRight";
				LD_RUNPATH_SEARCH_PATHS = (
					"$(inherited)",
					"@executable_path/Frameworks",
				);
				MARKETING_VERSION = 1.0;
				PRODUCT_BUNDLE_IDENTIFIER = workshop1.POCPickLocationMap;
				PRODUCT_NAME = "$(TARGET_NAME)";
				SWIFT_EMIT_LOC_STRINGS = YES;
				SWIFT_VERSION = 5.0;
				TARGETED_DEVICE_FAMILY = "1,2";
			};
			name = Release;
		};
		E979E7FD290139D00094EA78 /* Debug */ = {
			isa = XCBuildConfiguration;
			buildSettings = {
				ALWAYS_EMBED_SWIFT_STANDARD_LIBRARIES = YES;
				BUNDLE_LOADER = "$(TEST_HOST)";
				CODE_SIGN_STYLE = Automatic;
				CURRENT_PROJECT_VERSION = 1;
				DEVELOPMENT_TEAM = H545Z6D73Z;
				GENERATE_INFOPLIST_FILE = YES;
				IPHONEOS_DEPLOYMENT_TARGET = 16.0;
				MARKETING_VERSION = 1.0;
				PRODUCT_BUNDLE_IDENTIFIER = workshop1.POCPickLocationMapTests;
				PRODUCT_NAME = "$(TARGET_NAME)";
				SWIFT_EMIT_LOC_STRINGS = NO;
				SWIFT_VERSION = 5.0;
				TARGETED_DEVICE_FAMILY = "1,2";
				TEST_HOST = "$(BUILT_PRODUCTS_DIR)/POCPickLocationMap.app/$(BUNDLE_EXECUTABLE_FOLDER_PATH)/POCPickLocationMap";
			};
			name = Debug;
		};
		E979E7FE290139D00094EA78 /* Release */ = {
			isa = XCBuildConfiguration;
			buildSettings = {
				ALWAYS_EMBED_SWIFT_STANDARD_LIBRARIES = YES;
				BUNDLE_LOADER = "$(TEST_HOST)";
				CODE_SIGN_STYLE = Automatic;
				CURRENT_PROJECT_VERSION = 1;
				DEVELOPMENT_TEAM = H545Z6D73Z;
				GENERATE_INFOPLIST_FILE = YES;
				IPHONEOS_DEPLOYMENT_TARGET = 16.0;
				MARKETING_VERSION = 1.0;
				PRODUCT_BUNDLE_IDENTIFIER = workshop1.POCPickLocationMapTests;
				PRODUCT_NAME = "$(TARGET_NAME)";
				SWIFT_EMIT_LOC_STRINGS = NO;
				SWIFT_VERSION = 5.0;
				TARGETED_DEVICE_FAMILY = "1,2";
				TEST_HOST = "$(BUILT_PRODUCTS_DIR)/POCPickLocationMap.app/$(BUNDLE_EXECUTABLE_FOLDER_PATH)/POCPickLocationMap";
			};
			name = Release;
		};
		E979E800290139D00094EA78 /* Debug */ = {
			isa = XCBuildConfiguration;
			buildSettings = {
				ALWAYS_EMBED_SWIFT_STANDARD_LIBRARIES = YES;
				CODE_SIGN_STYLE = Automatic;
				CURRENT_PROJECT_VERSION = 1;
				DEVELOPMENT_TEAM = H545Z6D73Z;
				GENERATE_INFOPLIST_FILE = YES;
				MARKETING_VERSION = 1.0;
				PRODUCT_BUNDLE_IDENTIFIER = workshop1.POCPickLocationMapUITests;
				PRODUCT_NAME = "$(TARGET_NAME)";
				SWIFT_EMIT_LOC_STRINGS = NO;
				SWIFT_VERSION = 5.0;
				TARGETED_DEVICE_FAMILY = "1,2";
				TEST_TARGET_NAME = POCPickLocationMap;
			};
			name = Debug;
		};
		E979E801290139D00094EA78 /* Release */ = {
			isa = XCBuildConfiguration;
			buildSettings = {
				ALWAYS_EMBED_SWIFT_STANDARD_LIBRARIES = YES;
				CODE_SIGN_STYLE = Automatic;
				CURRENT_PROJECT_VERSION = 1;
				DEVELOPMENT_TEAM = H545Z6D73Z;
				GENERATE_INFOPLIST_FILE = YES;
				MARKETING_VERSION = 1.0;
				PRODUCT_BUNDLE_IDENTIFIER = workshop1.POCPickLocationMapUITests;
				PRODUCT_NAME = "$(TARGET_NAME)";
				SWIFT_EMIT_LOC_STRINGS = NO;
				SWIFT_VERSION = 5.0;
				TARGETED_DEVICE_FAMILY = "1,2";
				TEST_TARGET_NAME = POCPickLocationMap;
			};
			name = Release;
		};
/* End XCBuildConfiguration section */

/* Begin XCConfigurationList section */
		E979E7D0290139CF0094EA78 /* Build configuration list for PBXProject "POCPickLocationMap" */ = {
			isa = XCConfigurationList;
			buildConfigurations = (
				E979E7F7290139D00094EA78 /* Debug */,
				E979E7F8290139D00094EA78 /* Release */,
			);
			defaultConfigurationIsVisible = 0;
			defaultConfigurationName = Release;
		};
		E979E7F9290139D00094EA78 /* Build configuration list for PBXNativeTarget "POCPickLocationMap" */ = {
			isa = XCConfigurationList;
			buildConfigurations = (
				E979E7FA290139D00094EA78 /* Debug */,
				E979E7FB290139D00094EA78 /* Release */,
			);
			defaultConfigurationIsVisible = 0;
			defaultConfigurationName = Release;
		};
		E979E7FC290139D00094EA78 /* Build configuration list for PBXNativeTarget "POCPickLocationMapTests" */ = {
			isa = XCConfigurationList;
			buildConfigurations = (
				E979E7FD290139D00094EA78 /* Debug */,
				E979E7FE290139D00094EA78 /* Release */,
			);
			defaultConfigurationIsVisible = 0;
			defaultConfigurationName = Release;
		};
		E979E7FF290139D00094EA78 /* Build configuration list for PBXNativeTarget "POCPickLocationMapUITests" */ = {
			isa = XCConfigurationList;
			buildConfigurations = (
				E979E800290139D00094EA78 /* Debug */,
				E979E801290139D00094EA78 /* Release */,
			);
			defaultConfigurationIsVisible = 0;
			defaultConfigurationName = Release;
		};
/* End XCConfigurationList section */
	};
	rootObject = E979E7CD290139CF0094EA78 /* Project object */;
}
